
Microsoft Visual Studio Solution File, Format Version 12.00
# Visual Studio Version 16
VisualStudioVersion = 16.0.30907.101
MinimumVisualStudioVersion = 10.0.40219.1
Project("{FAE04EC0-301F-11D3-BF4B-00C04F79EFBC}") = "Banking_Final", "Banking_Final.csproj", "{36CB2009-9587-474B-B7FF-99EE6A205D62}"
EndProject
Project("{2150E333-8FDC-42A3-9474-1A3956D46DE8}") = "Solution Items", "Solution Items", "{652EF051-FDE2-43DD-B4E8-87D64383F2E8}"
	ProjectSection(SolutionItems) = preProject
		Account.cs = Account.cs
		Address.cs = Address.cs
	EndProjectSection
EndProject
Global
	GlobalSection(SolutionConfigurationPlatforms) = preSolution
		Debug|Any CPU = Debug|Any CPU
		Release|Any CPU = Release|Any CPU
	EndGlobalSection
	GlobalSection(ProjectConfigurationPlatforms) = postSolution
		{36CB2009-9587-474B-B7FF-99EE6A205D62}.Debug|Any CPU.ActiveCfg = Debug|Any CPU
		{36CB2009-9587-474B-B7FF-99EE6A205D62}.Debug|Any CPU.Build.0 = Debug|Any CPU
		{36CB2009-9587-474B-B7FF-99EE6A205D62}.Release|Any CPU.ActiveCfg = Release|Any CPU
		{36CB2009-9587-474B-B7FF-99EE6A205D62}.Release|Any CPU.Build.0 = Release|Any CPU
	EndGlobalSection
	GlobalSection(SolutionProperties) = preSolution
		HideSolutionNode = FALSE
	EndGlobalSection
	GlobalSection(ExtensibilityGlobals) = postSolution
		SolutionGuid = {BE351F82-22E0-4F34-98DC-E8BB9C4FEA77}
	EndGlobalSection
EndGlobal
